<?xml version="1.0" encoding="utf-8"?>
<Project ToolsVersion="4.0" xmlns="http://schemas.microsoft.com/developer/msbuild/2003">
  <ItemGroup>
    <ClCompile Include="..\..\src\base58.cpp" />
    <ClCompile Include="..\..\src\bech32.cpp" />
    <ClCompile Include="..\..\src\bloom.cpp" />
    <ClCompile Include="..\..\src\chainparams.cpp" />
    <ClCompile Include="..\..\src\coins.cpp" />
    <ClCompile Include="..\..\src\compressor.cpp" />
    <ClCompile Include="..\..\src\core_read.cpp" />
    <ClCompile Include="..\..\src\core_write.cpp" />
    <ClCompile Include="..\..\src\deploymentinfo.cpp" />
    <ClCompile Include="..\..\src\external_signer.cpp" />
    <ClCompile Include="..\..\src\init\common.cpp" />
    <ClCompile Include="..\..\src\key.cpp" />
    <ClCompile Include="..\..\src\key_io.cpp" />
    <ClCompile Include="..\..\src\merkleblock.cpp" />
    <ClCompile Include="..\..\src\net_types.cpp" />
    <ClCompile Include="..\..\src\netaddress.cpp" />
    <ClCompile Include="..\..\src\netbase.cpp" />
    <ClCompile Include="..\..\src\net_permissions.cpp" />
    <ClCompile Include="..\..\src\outputtype.cpp" />
    <ClCompile Include="..\..\src\policy\feerate.cpp" />
    <ClCompile Include="..\..\src\policy\policy.cpp" />
    <ClCompile Include="..\..\src\protocol.cpp" />
    <ClCompile Include="..\..\src\psbt.cpp" />
    <ClCompile Include="..\..\src\rpc\rawtransaction_util.cpp" />
    <ClCompile Include="..\..\src\rpc\external_signer.cpp" />
    <ClCompile Include="..\..\src\rpc\util.cpp" />
    <ClCompile Include="..\..\src\scheduler.cpp" />
    <ClCompile Include="..\..\src\script\descriptor.cpp" />
    <ClCompile Include="..\..\src\script\sign.cpp" />
    <ClCompile Include="..\..\src\script\signingprovider.cpp" />
    <ClCompile Include="..\..\src\script\standard.cpp" />
    <ClCompile Include="..\..\src\warnings.cpp" />
    <ClCompile Include="..\..\src\dilithium\aes256ctr.cpp">
      <Filter>dilithium</Filter>
    </ClCompile>
    <ClCompile Include="..\..\src\dilithium\fips202.cpp">
      <Filter>dilithium</Filter>
    </ClCompile>
    <ClCompile Include="..\..\src\dilithium\ntt.cpp">
      <Filter>dilithium</Filter>
    </ClCompile>
    <ClCompile Include="..\..\src\dilithium\packing.cpp">
      <Filter>dilithium</Filter>
    </ClCompile>
    <ClCompile Include="..\..\src\dilithium\poly.cpp">
      <Filter>dilithium</Filter>
    </ClCompile>
    <ClCompile Include="..\..\src\dilithium\polyvec.cpp">
      <Filter>dilithium</Filter>
    </ClCompile>
    <ClCompile Include="..\..\src\dilithium\PQCgenKAT_sign.cpp">
      <Filter>dilithium</Filter>
    </ClCompile>
    <ClCompile Include="..\..\src\dilithium\pqsign.cpp">
      <Filter>dilithium</Filter>
    </ClCompile>
    <ClCompile Include="..\..\src\dilithium\randombytes.cpp">
      <Filter>dilithium</Filter>
    </ClCompile>
    <ClCompile Include="..\..\src\dilithium\reduce.cpp">
      <Filter>dilithium</Filter>
    </ClCompile>
    <ClCompile Include="..\..\src\dilithium\rng.cpp">
      <Filter>dilithium</Filter>
    </ClCompile>
    <ClCompile Include="..\..\src\dilithium\rounding.cpp">
      <Filter>dilithium</Filter>
    </ClCompile>
    <ClCompile Include="..\..\src\dilithium\symmetric-aes.cpp">
      <Filter>dilithium</Filter>
    </ClCompile>
    <ClCompile Include="..\..\src\dilithium\symmetric-shake.cpp">
      <Filter>dilithium</Filter>
    </ClCompile>
  </ItemGroup>
  <ItemGroup>
    <Filter Include="dilithium">
      <UniqueIdentifier>{88654a64-3ee4-40a4-ba70-e47b64d0ec78}</UniqueIdentifier>
    </Filter>
  </ItemGroup>
  <ItemGroup>
    <ClInclude Include="..\..\src\dilithium\aes256ctr.h">
      <Filter>dilithium</Filter>
    </ClInclude>
    <ClInclude Include="..\..\src\dilithium\api.h">
      <Filter>dilithium</Filter>
    </ClInclude>
    <ClInclude Include="..\..\src\dilithium\config.h">
      <Filter>dilithium</Filter>
    </ClInclude>
    <ClInclude Include="..\..\src\dilithium\fips202.h">
      <Filter>dilithium</Filter>
    </ClInclude>
    <ClInclude Include="..\..\src\dilithium\ntt.h">
      <Filter>dilithium</Filter>
    </ClInclude>
    <ClInclude Include="..\..\src\dilithium\packing.h">
      <Filter>dilithium</Filter>
    </ClInclude>
    <ClInclude Include="..\..\src\dilithium\params.h">
      <Filter>dilithium</Filter>
    </ClInclude>
    <ClInclude Include="..\..\src\dilithium\poly.h">
      <Filter>dilithium</Filter>
    </ClInclude>
    <ClInclude Include="..\..\src\dilithium\polyvec.h">
      <Filter>dilithium</Filter>
    </ClInclude>
    <ClInclude Include="..\..\src\dilithium\pqsign.h">
      <Filter>dilithium</Filter>
    </ClInclude>
    <ClInclude Include="..\..\src\dilithium\randombytes.h">
      <Filter>dilithium</Filter>
    </ClInclude>
    <ClInclude Include="..\..\src\dilithium\reduce.h">
      <Filter>dilithium</Filter>
    </ClInclude>
    <ClInclude Include="..\..\src\dilithium\rng.h">
      <Filter>dilithium</Filter>
    </ClInclude>
    <ClInclude Include="..\..\src\dilithium\rounding.h">
      <Filter>dilithium</Filter>
    </ClInclude>
    <ClInclude Include="..\..\src\dilithium\symmetric.h">
      <Filter>dilithium</Filter>
    </ClInclude>
  </ItemGroup>
</Project>