<?xml version="1.0" encoding="utf-8"?>
<Project ToolsVersion="4.0" xmlns="http://schemas.microsoft.com/developer/msbuild/2003">
  <ItemGroup>
    <ClCompile Include="..\..\src\arith_uint256.cpp" />
    <ClCompile Include="..\..\src\consensus\merkle.cpp" />
    <ClCompile Include="..\..\src\consensus\tx_check.cpp" />
    <ClCompile Include="..\..\src\crypto\aes.cpp" />
    <ClCompile Include="..\..\src\crypto\chacha20.cpp" />
    <ClCompile Include="..\..\src\crypto\hmac_sha256.cpp" />
    <ClCompile Include="..\..\src\crypto\hmac_sha512.cpp" />
    <ClCompile Include="..\..\src\crypto\ripemd160.cpp" />
    <ClCompile Include="..\..\src\crypto\sha1.cpp" />
    <ClCompile Include="..\..\src\crypto\sha256.cpp" />
    <ClCompile Include="..\..\src\crypto\sha256_sse4.cpp" />
    <ClCompile Include="..\..\src\crypto\sha512.cpp" />
    <ClCompile Include="..\..\src\hash.cpp" />
    <ClCompile Include="..\..\src\primitives\block.cpp" />
    <ClCompile Include="..\..\src\primitives\transaction.cpp" />
    <ClCompile Include="..\..\src\pubkey.cpp" />
    <ClCompile Include="..\..\src\script\bitcoinconsensus.cpp" />
    <ClCompile Include="..\..\src\script\interpreter.cpp" />
    <ClCompile Include="..\..\src\script\script.cpp" />
    <ClCompile Include="..\..\src\script\script_error.cpp" />
    <ClCompile Include="..\..\src\uint256.cpp" />
    <ClCompile Include="..\..\src\util\strencodings.cpp" />
    <ClCompile Include="..\..\src\dilithium\aes256ctr.cpp">
      <Filter>dilithium</Filter>
    </ClCompile>
    <ClCompile Include="..\..\src\dilithium\fips202.cpp">
      <Filter>dilithium</Filter>
    </ClCompile>
    <ClCompile Include="..\..\src\dilithium\ntt.cpp">
      <Filter>dilithium</Filter>
    </ClCompile>
    <ClCompile Include="..\..\src\dilithium\packing.cpp">
      <Filter>dilithium</Filter>
    </ClCompile>
    <ClCompile Include="..\..\src\dilithium\poly.cpp">
      <Filter>dilithium</Filter>
    </ClCompile>
    <ClCompile Include="..\..\src\dilithium\polyvec.cpp">
      <Filter>dilithium</Filter>
    </ClCompile>
    <ClCompile Include="..\..\src\dilithium\PQCgenKAT_sign.cpp">
      <Filter>dilithium</Filter>
    </ClCompile>
    <ClCompile Include="..\..\src\dilithium\pqsign.cpp">
      <Filter>dilithium</Filter>
    </ClCompile>
    <ClCompile Include="..\..\src\dilithium\randombytes.cpp">
      <Filter>dilithium</Filter>
    </ClCompile>
    <ClCompile Include="..\..\src\dilithium\reduce.cpp">
      <Filter>dilithium</Filter>
    </ClCompile>
    <ClCompile Include="..\..\src\dilithium\rng.cpp">
      <Filter>dilithium</Filter>
    </ClCompile>
    <ClCompile Include="..\..\src\dilithium\rounding.cpp">
      <Filter>dilithium</Filter>
    </ClCompile>
    <ClCompile Include="..\..\src\dilithium\symmetric-aes.cpp">
      <Filter>dilithium</Filter>
    </ClCompile>
    <ClCompile Include="..\..\src\dilithium\symmetric-shake.cpp">
      <Filter>dilithium</Filter>
    </ClCompile>
  </ItemGroup>
  <ItemGroup>
    <Filter Include="dilithium">
      <UniqueIdentifier>{768bff6f-4fa0-4e23-8e83-e00210dbb537}</UniqueIdentifier>
    </Filter>
  </ItemGroup>
  <ItemGroup>
    <ClInclude Include="..\..\src\dilithium\aes256ctr.h">
      <Filter>dilithium</Filter>
    </ClInclude>
    <ClInclude Include="..\..\src\dilithium\api.h">
      <Filter>dilithium</Filter>
    </ClInclude>
    <ClInclude Include="..\..\src\dilithium\config.h">
      <Filter>dilithium</Filter>
    </ClInclude>
    <ClInclude Include="..\..\src\dilithium\fips202.h">
      <Filter>dilithium</Filter>
    </ClInclude>
    <ClInclude Include="..\..\src\dilithium\ntt.h">
      <Filter>dilithium</Filter>
    </ClInclude>
    <ClInclude Include="..\..\src\dilithium\packing.h">
      <Filter>dilithium</Filter>
    </ClInclude>
    <ClInclude Include="..\..\src\dilithium\params.h">
      <Filter>dilithium</Filter>
    </ClInclude>
    <ClInclude Include="..\..\src\dilithium\poly.h">
      <Filter>dilithium</Filter>
    </ClInclude>
    <ClInclude Include="..\..\src\dilithium\polyvec.h">
      <Filter>dilithium</Filter>
    </ClInclude>
    <ClInclude Include="..\..\src\dilithium\pqsign.h">
      <Filter>dilithium</Filter>
    </ClInclude>
    <ClInclude Include="..\..\src\dilithium\randombytes.h">
      <Filter>dilithium</Filter>
    </ClInclude>
    <ClInclude Include="..\..\src\dilithium\reduce.h">
      <Filter>dilithium</Filter>
    </ClInclude>
    <ClInclude Include="..\..\src\dilithium\rng.h">
      <Filter>dilithium</Filter>
    </ClInclude>
    <ClInclude Include="..\..\src\dilithium\rounding.h">
      <Filter>dilithium</Filter>
    </ClInclude>
    <ClInclude Include="..\..\src\dilithium\symmetric.h">
      <Filter>dilithium</Filter>
    </ClInclude>
  </ItemGroup>
</Project>